
Microsoft Visual Studio Solution File, Format Version 12.00
# Visual Studio 15
VisualStudioVersion = 15.0.28307.572
MinimumVisualStudioVersion = 10.0.40219.1
Project("{FAE04EC0-301F-11D3-BF4B-00C04F79EFBC}") = "01. Dictionary", "01. Dictionary\01. Dictionary.csproj", "{0E8AA913-F507-4FB4-BAF0-EF2430E05F1B}"
EndProject
Project("{FAE04EC0-301F-11D3-BF4B-00C04F79EFBC}") = "02. Deciphering", "02. Deciphering\02. Deciphering.csproj", "{2F85B63F-6F35-4917-B63D-8EE43B5031AA}"
EndProject
Global
	GlobalSection(SolutionConfigurationPlatforms) = preSolution
		Debug|Any CPU = Debug|Any CPU
		Release|Any CPU = Release|Any CPU
	EndGlobalSection
	GlobalSection(ProjectConfigurationPlatforms) = postSolution
		{0E8AA913-F507-4FB4-BAF0-EF2430E05F1B}.Debug|Any CPU.ActiveCfg = Debug|Any CPU
		{0E8AA913-F507-4FB4-BAF0-EF2430E05F1B}.Debug|Any CPU.Build.0 = Debug|Any CPU
		{0E8AA913-F507-4FB4-BAF0-EF2430E05F1B}.Release|Any CPU.ActiveCfg = Release|Any CPU
		{0E8AA913-F507-4FB4-BAF0-EF2430E05F1B}.Release|Any CPU.Build.0 = Release|Any CPU
		{2F85B63F-6F35-4917-B63D-8EE43B5031AA}.Debug|Any CPU.ActiveCfg = Debug|Any CPU
		{2F85B63F-6F35-4917-B63D-8EE43B5031AA}.Debug|Any CPU.Build.0 = Debug|Any CPU
		{2F85B63F-6F35-4917-B63D-8EE43B5031AA}.Release|Any CPU.ActiveCfg = Release|Any CPU
		{2F85B63F-6F35-4917-B63D-8EE43B5031AA}.Release|Any CPU.Build.0 = Release|Any CPU
	EndGlobalSection
	GlobalSection(SolutionProperties) = preSolution
		HideSolutionNode = FALSE
	EndGlobalSection
	GlobalSection(ExtensibilityGlobals) = postSolution
		SolutionGuid = {5A0A8B00-3B1E-4A65-A595-490438894AC8}
	EndGlobalSection
EndGlobal
